// !$*UTF8*$!
{
	archiveVersion = 1;
	classes = {
	};
	objectVersion = 46;
	objects = {

/* Begin PBXBuildFile section */
		6EEADF46FFC69E3B108AA749 /* libPods.a in Frameworks */ = {isa = PBXBuildFile; fileRef = 702E78B1766875711BE49166 /* libPods.a */; };
		AA82B7771A478CEB0061F457 /* main.m in Sources */ = {isa = PBXBuildFile; fileRef = AA82B7761A478CEB0061F457 /* main.m */; };
		AA82B77A1A478CEB0061F457 /* AppDelegate.m in Sources */ = {isa = PBXBuildFile; fileRef = AA82B7791A478CEB0061F457 /* AppDelegate.m */; };
		AA82B77D1A478CEB0061F457 /* ViewController.m in Sources */ = {isa = PBXBuildFile; fileRef = AA82B77C1A478CEB0061F457 /* ViewController.m */; };
		AA82B7801A478CEB0061F457 /* Main.storyboard in Resources */ = {isa = PBXBuildFile; fileRef = AA82B77E1A478CEB0061F457 /* Main.storyboard */; };
		AA82B7821A478CEB0061F457 /* Images.xcassets in Resources */ = {isa = PBXBuildFile; fileRef = AA82B7811A478CEB0061F457 /* Images.xcassets */; };
		AA82B7851A478CEB0061F457 /* LaunchScreen.xib in Resources */ = {isa = PBXBuildFile; fileRef = AA82B7831A478CEB0061F457 /* LaunchScreen.xib */; };
		AA82B7911A478CEB0061F457 /* Hue_PiTests.m in Sources */ = {isa = PBXBuildFile; fileRef = AA82B7901A478CEB0061F457 /* Hue_PiTests.m */; };
/* End PBXBuildFile section */

/* Begin PBXContainerItemProxy section */
		AA82B78B1A478CEB0061F457 /* PBXContainerItemProxy */ = {
			isa = PBXContainerItemProxy;
			containerPortal = AA82B7691A478CEB0061F457 /* Project object */;
			proxyType = 1;
			remoteGlobalIDString = AA82B7701A478CEB0061F457;
			remoteInfo = "Hue Pi";
		};
/* End PBXContainerItemProxy section */

/* Begin PBXFileReference section */
		24457E45201A58777231FBF6 /* Pods.release.xcconfig */ = {isa = PBXFileReference; includeInIndex = 1; lastKnownFileType = text.xcconfig; name = Pods.release.xcconfig; path = "Pods/Target Support Files/Pods/Pods.release.xcconfig"; sourceTree = "<group>"; };
		702E78B1766875711BE49166 /* libPods.a */ = {isa = PBXFileReference; explicitFileType = archive.ar; includeInIndex = 0; path = libPods.a; sourceTree = BUILT_PRODUCTS_DIR; };
		AA82B7711A478CEB0061F457 /* Hue Pi.app */ = {isa = PBXFileReference; explicitFileType = wrapper.application; includeInIndex = 0; path = "Hue Pi.app"; sourceTree = BUILT_PRODUCTS_DIR; };
		AA82B7751A478CEB0061F457 /* Info.plist */ = {isa = PBXFileReference; lastKnownFileType = text.plist.xml; path = Info.plist; sourceTree = "<group>"; };
		AA82B7761A478CEB0061F457 /* main.m */ = {isa = PBXFileReference; lastKnownFileType = sourcecode.c.objc; path = main.m; sourceTree = "<group>"; };
		AA82B7781A478CEB0061F457 /* AppDelegate.h */ = {isa = PBXFileReference; lastKnownFileType = sourcecode.c.h; path = AppDelegate.h; sourceTree = "<group>"; };
		AA82B7791A478CEB0061F457 /* AppDelegate.m */ = {isa = PBXFileReference; lastKnownFileType = sourcecode.c.objc; path = AppDelegate.m; sourceTree = "<group>"; };
		AA82B77B1A478CEB0061F457 /* ViewController.h */ = {isa = PBXFileReference; lastKnownFileType = sourcecode.c.h; path = ViewController.h; sourceTree = "<group>"; };
		AA82B77C1A478CEB0061F457 /* ViewController.m */ = {isa = PBXFileReference; lastKnownFileType = sourcecode.c.objc; path = ViewController.m; sourceTree = "<group>"; };
		AA82B77F1A478CEB0061F457 /* Base */ = {isa = PBXFileReference; lastKnownFileType = file.storyboard; name = Base; path = Base.lproj/Main.storyboard; sourceTree = "<group>"; };
		AA82B7811A478CEB0061F457 /* Images.xcassets */ = {isa = PBXFileReference; lastKnownFileType = folder.assetcatalog; path = Images.xcassets; sourceTree = "<group>"; };
		AA82B7841A478CEB0061F457 /* Base */ = {isa = PBXFileReference; lastKnownFileType = file.xib; name = Base; path = Base.lproj/LaunchScreen.xib; sourceTree = "<group>"; };
		AA82B78A1A478CEB0061F457 /* Hue PiTests.xctest */ = {isa = PBXFileReference; explicitFileType = wrapper.cfbundle; includeInIndex = 0; path = "Hue PiTests.xctest"; sourceTree = BUILT_PRODUCTS_DIR; };
		AA82B78F1A478CEB0061F457 /* Info.plist */ = {isa = PBXFileReference; lastKnownFileType = text.plist.xml; path = Info.plist; sourceTree = "<group>"; };
		AA82B7901A478CEB0061F457 /* Hue_PiTests.m */ = {isa = PBXFileReference; lastKnownFileType = sourcecode.c.objc; path = Hue_PiTests.m; sourceTree = "<group>"; };
		B899EA4BA4AFE836B2B66E7D /* Pods.debug.xcconfig */ = {isa = PBXFileReference; includeInIndex = 1; lastKnownFileType = text.xcconfig; name = Pods.debug.xcconfig; path = "Pods/Target Support Files/Pods/Pods.debug.xcconfig"; sourceTree = "<group>"; };
/* End PBXFileReference section */

/* Begin PBXFrameworksBuildPhase section */
		AA82B76E1A478CEB0061F457 /* Frameworks */ = {
			isa = PBXFrameworksBuildPhase;
			buildActionMask = 2147483647;
			files = (
				6EEADF46FFC69E3B108AA749 /* libPods.a in Frameworks */,
			);
			runOnlyForDeploymentPostprocessing = 0;
		};
		AA82B7871A478CEB0061F457 /* Frameworks */ = {
			isa = PBXFrameworksBuildPhase;
			buildActionMask = 2147483647;
			files = (
			);
			runOnlyForDeploymentPostprocessing = 0;
		};
/* End PBXFrameworksBuildPhase section */

/* Begin PBXGroup section */
		3092970EA106F6C58590E5B8 /* Pods */ = {
			isa = PBXGroup;
			children = (
				B899EA4BA4AFE836B2B66E7D /* Pods.debug.xcconfig */,
				24457E45201A58777231FBF6 /* Pods.release.xcconfig */,
			);
			name = Pods;
			sourceTree = "<group>";
		};
		AA82B7681A478CEB0061F457 = {
			isa = PBXGroup;
			children = (
				AA82B7731A478CEB0061F457 /* Hue Pi */,
				AA82B78D1A478CEB0061F457 /* Hue PiTests */,
				AA82B7721A478CEB0061F457 /* Products */,
				3092970EA106F6C58590E5B8 /* Pods */,
				EE0B76F6243082CD035AF5EF /* Frameworks */,
			);
			sourceTree = "<group>";
		};
		AA82B7721A478CEB0061F457 /* Products */ = {
			isa = PBXGroup;
			children = (
				AA82B7711A478CEB0061F457 /* Hue Pi.app */,
				AA82B78A1A478CEB0061F457 /* Hue PiTests.xctest */,
			);
			name = Products;
			sourceTree = "<group>";
		};
		AA82B7731A478CEB0061F457 /* Hue Pi */ = {
			isa = PBXGroup;
			children = (
				AA82B7781A478CEB0061F457 /* AppDelegate.h */,
				AA82B7791A478CEB0061F457 /* AppDelegate.m */,
				AA82B77B1A478CEB0061F457 /* ViewController.h */,
				AA82B77C1A478CEB0061F457 /* ViewController.m */,
				AA82B77E1A478CEB0061F457 /* Main.storyboard */,
				AA82B7811A478CEB0061F457 /* Images.xcassets */,
				AA82B7831A478CEB0061F457 /* LaunchScreen.xib */,
				AA82B7741A478CEB0061F457 /* Supporting Files */,
			);
			path = "Hue Pi";
			sourceTree = "<group>";
		};
		AA82B7741A478CEB0061F457 /* Supporting Files */ = {
			isa = PBXGroup;
			children = (
				AA82B7751A478CEB0061F457 /* Info.plist */,
				AA82B7761A478CEB0061F457 /* main.m */,
			);
			name = "Supporting Files";
			sourceTree = "<group>";
		};
		AA82B78D1A478CEB0061F457 /* Hue PiTests */ = {
			isa = PBXGroup;
			children = (
				AA82B7901A478CEB0061F457 /* Hue_PiTests.m */,
				AA82B78E1A478CEB0061F457 /* Supporting Files */,
			);
			path = "Hue PiTests";
			sourceTree = "<group>";
		};
		AA82B78E1A478CEB0061F457 /* Supporting Files */ = {
			isa = PBXGroup;
			children = (
				AA82B78F1A478CEB0061F457 /* Info.plist */,
			);
			name = "Supporting Files";
			sourceTree = "<group>";
		};
		EE0B76F6243082CD035AF5EF /* Frameworks */ = {
			isa = PBXGroup;
			children = (
				702E78B1766875711BE49166 /* libPods.a */,
			);
			name = Frameworks;
			sourceTree = "<group>";
		};
/* End PBXGroup section */

/* Begin PBXNativeTarget section */
		AA82B7701A478CEB0061F457 /* Hue Pi */ = {
			isa = PBXNativeTarget;
			buildConfigurationList = AA82B7941A478CEB0061F457 /* Build configuration list for PBXNativeTarget "Hue Pi" */;
			buildPhases = (
				581C25989C292746EEEE5B5B /* Check Pods Manifest.lock */,
				AA82B76D1A478CEB0061F457 /* Sources */,
				AA82B76E1A478CEB0061F457 /* Frameworks */,
				AA82B76F1A478CEB0061F457 /* Resources */,
				A1B3A19677C33DC63C355214 /* Copy Pods Resources */,
			);
			buildRules = (
			);
			dependencies = (
			);
			name = "Hue Pi";
			productName = "Hue Pi";
			productReference = AA82B7711A478CEB0061F457 /* Hue Pi.app */;
			productType = "com.apple.product-type.application";
		};
		AA82B7891A478CEB0061F457 /* Hue PiTests */ = {
			isa = PBXNativeTarget;
			buildConfigurationList = AA82B7971A478CEB0061F457 /* Build configuration list for PBXNativeTarget "Hue PiTests" */;
			buildPhases = (
				AA82B7861A478CEB0061F457 /* Sources */,
				AA82B7871A478CEB0061F457 /* Frameworks */,
				AA82B7881A478CEB0061F457 /* Resources */,
			);
			buildRules = (
			);
			dependencies = (
				AA82B78C1A478CEB0061F457 /* PBXTargetDependency */,
			);
			name = "Hue PiTests";
			productName = "Hue PiTests";
			productReference = AA82B78A1A478CEB0061F457 /* Hue PiTests.xctest */;
			productType = "com.apple.product-type.bundle.unit-test";
		};
/* End PBXNativeTarget section */

/* Begin PBXProject section */
		AA82B7691A478CEB0061F457 /* Project object */ = {
			isa = PBXProject;
			attributes = {
				LastUpgradeCheck = 0610;
				ORGANIZATIONNAME = "Ethan Lowman";
				TargetAttributes = {
					AA82B7701A478CEB0061F457 = {
						CreatedOnToolsVersion = 6.1.1;
					};
					AA82B7891A478CEB0061F457 = {
						CreatedOnToolsVersion = 6.1.1;
						TestTargetID = AA82B7701A478CEB0061F457;
					};
				};
			};
			buildConfigurationList = AA82B76C1A478CEB0061F457 /* Build configuration list for PBXProject "Hue Pi" */;
			compatibilityVersion = "Xcode 3.2";
			developmentRegion = English;
			hasScannedForEncodings = 0;
			knownRegions = (
				en,
				Base,
			);
			mainGroup = AA82B7681A478CEB0061F457;
			productRefGroup = AA82B7721A478CEB0061F457 /* Products */;
			projectDirPath = "";
			projectRoot = "";
			targets = (
				AA82B7701A478CEB0061F457 /* Hue Pi */,
				AA82B7891A478CEB0061F457 /* Hue PiTests */,
			);
		};
/* End PBXProject section */

/* Begin PBXResourcesBuildPhase section */
		AA82B76F1A478CEB0061F457 /* Resources */ = {
			isa = PBXResourcesBuildPhase;
			buildActionMask = 2147483647;
			files = (
				AA82B7801A478CEB0061F457 /* Main.storyboard in Resources */,
				AA82B7851A478CEB0061F457 /* LaunchScreen.xib in Resources */,
				AA82B7821A478CEB0061F457 /* Images.xcassets in Resources */,
			);
			runOnlyForDeploymentPostprocessing = 0;
		};
		AA82B7881A478CEB0061F457 /* Resources */ = {
			isa = PBXResourcesBuildPhase;
			buildActionMask = 2147483647;
			files = (
			);
			runOnlyForDeploymentPostprocessing = 0;
		};
/* End PBXResourcesBuildPhase section */

/* Begin PBXShellScriptBuildPhase section */
		581C25989C292746EEEE5B5B /* Check Pods Manifest.lock */ = {
			isa = PBXShellScriptBuildPhase;
			buildActionMask = 2147483647;
			files = (
			);
			inputPaths = (
			);
			name = "Check Pods Manifest.lock";
			outputPaths = (
			);
			runOnlyForDeploymentPostprocessing = 0;
			shellPath = /bin/sh;
			shellScript = "diff \"${PODS_ROOT}/../Podfile.lock\" \"${PODS_ROOT}/Manifest.lock\" > /dev/null\nif [[ $? != 0 ]] ; then\n    cat << EOM\nerror: The sandbox is not in sync with the Podfile.lock. Run 'pod install' or update your CocoaPods installation.\nEOM\n    exit 1\nfi\n";
			showEnvVarsInLog = 0;
		};
		A1B3A19677C33DC63C355214 /* Copy Pods Resources */ = {
			isa = PBXShellScriptBuildPhase;
			buildActionMask = 2147483647;
			files = (
			);
			inputPaths = (
			);
			name = "Copy Pods Resources";
			outputPaths = (
			);
			runOnlyForDeploymentPostprocessing = 0;
			shellPath = /bin/sh;
			shellScript = "\"${SRCROOT}/Pods/Target Support Files/Pods/Pods-resources.sh\"\n";
			showEnvVarsInLog = 0;
		};
/* End PBXShellScriptBuildPhase section */

/* Begin PBXSourcesBuildPhase section */
		AA82B76D1A478CEB0061F457 /* Sources */ = {
			isa = PBXSourcesBuildPhase;
			buildActionMask = 2147483647;
			files = (
				AA82B77D1A478CEB0061F457 /* ViewController.m in Sources */,
				AA82B77A1A478CEB0061F457 /* AppDelegate.m in Sources */,
				AA82B7771A478CEB0061F457 /* main.m in Sources */,
			);
			runOnlyForDeploymentPostprocessing = 0;
		};
		AA82B7861A478CEB0061F457 /* Sources */ = {
			isa = PBXSourcesBuildPhase;
			buildActionMask = 2147483647;
			files = (
				AA82B7911A478CEB0061F457 /* Hue_PiTests.m in Sources */,
			);
			runOnlyForDeploymentPostprocessing = 0;
		};
/* End PBXSourcesBuildPhase section */

/* Begin PBXTargetDependency section */
		AA82B78C1A478CEB0061F457 /* PBXTargetDependency */ = {
			isa = PBXTargetDependency;
			target = AA82B7701A478CEB0061F457 /* Hue Pi */;
			targetProxy = AA82B78B1A478CEB0061F457 /* PBXContainerItemProxy */;
		};
/* End PBXTargetDependency section */

/* Begin PBXVariantGroup section */
		AA82B77E1A478CEB0061F457 /* Main.storyboard */ = {
			isa = PBXVariantGroup;
			children = (
				AA82B77F1A478CEB0061F457 /* Base */,
			);
			name = Main.storyboard;
			sourceTree = "<group>";
		};
		AA82B7831A478CEB0061F457 /* LaunchScreen.xib */ = {
			isa = PBXVariantGroup;
			children = (
				AA82B7841A478CEB0061F457 /* Base */,
			);
			name = LaunchScreen.xib;
			sourceTree = "<group>";
		};
/* End PBXVariantGroup section */

/* Begin XCBuildConfiguration section */
		AA82B7921A478CEB0061F457 /* Debug */ = {
			isa = XCBuildConfiguration;
			buildSettings = {
				ALWAYS_SEARCH_USER_PATHS = NO;
				CLANG_CXX_LANGUAGE_STANDARD = "gnu++0x";
				CLANG_CXX_LIBRARY = "libc++";
				CLANG_ENABLE_MODULES = YES;
				CLANG_ENABLE_OBJC_ARC = YES;
				CLANG_WARN_BOOL_CONVERSION = YES;
				CLANG_WARN_CONSTANT_CONVERSION = YES;
				CLANG_WARN_DIRECT_OBJC_ISA_USAGE = YES_ERROR;
				CLANG_WARN_EMPTY_BODY = YES;
				CLANG_WARN_ENUM_CONVERSION = YES;
				CLANG_WARN_INT_CONVERSION = YES;
				CLANG_WARN_OBJC_ROOT_CLASS = YES_ERROR;
				CLANG_WARN_UNREACHABLE_CODE = YES;
				CLANG_WARN__DUPLICATE_METHOD_MATCH = YES;
				"CODE_SIGN_IDENTITY[sdk=iphoneos*]" = "iPhone Developer";
				COPY_PHASE_STRIP = NO;
				ENABLE_STRICT_OBJC_MSGSEND = YES;
				GCC_C_LANGUAGE_STANDARD = gnu99;
				GCC_DYNAMIC_NO_PIC = NO;
				GCC_OPTIMIZATION_LEVEL = 0;
				GCC_PREPROCESSOR_DEFINITIONS = (
					"DEBUG=1",
					"$(inherited)",
				);
				GCC_SYMBOLS_PRIVATE_EXTERN = NO;
				GCC_WARN_64_TO_32_BIT_CONVERSION = YES;
				GCC_WARN_ABOUT_RETURN_TYPE = YES_ERROR;
				GCC_WARN_UNDECLARED_SELECTOR = YES;
				GCC_WARN_UNINITIALIZED_AUTOS = YES_AGGRESSIVE;
				GCC_WARN_UNUSED_FUNCTION = YES;
				GCC_WARN_UNUSED_VARIABLE = YES;
				IPHONEOS_DEPLOYMENT_TARGET = 8.1;
				MTL_ENABLE_DEBUG_INFO = YES;
				ONLY_ACTIVE_ARCH = YES;
				SDKROOT = iphoneos;
			};
			name = Debug;
		};
		AA82B7931A478CEB0061F457 /* Release */ = {
			isa = XCBuildConfiguration;
			buildSettings = {
				ALWAYS_SEARCH_USER_PATHS = NO;
				CLANG_CXX_LANGUAGE_STANDARD = "gnu++0x";
				CLANG_CXX_LIBRARY = "libc++";
				CLANG_ENABLE_MODULES = YES;
				CLANG_ENABLE_OBJC_ARC = YES;
				CLANG_WARN_BOOL_CONVERSION = YES;
				CLANG_WARN_CONSTANT_CONVERSION = YES;
				CLANG_WARN_DIRECT_OBJC_ISA_USAGE = YES_ERROR;
				CLANG_WARN_EMPTY_BODY = YES;
				CLANG_WARN_ENUM_CONVERSION = YES;
				CLANG_WARN_INT_CONVERSION = YES;
				CLANG_WARN_OBJC_ROOT_CLASS = YES_ERROR;
				CLANG_WARN_UNREACHABLE_CODE = YES;
				CLANG_WARN__DUPLICATE_METHOD_MATCH = YES;
				"CODE_SIGN_IDENTITY[sdk=iphoneos*]" = "iPhone Developer";
				COPY_PHASE_STRIP = YES;
				ENABLE_NS_ASSERTIONS = NO;
				ENABLE_STRICT_OBJC_MSGSEND = YES;
				GCC_C_LANGUAGE_STANDARD = gnu99;
				GCC_WARN_64_TO_32_BIT_CONVERSION = YES;
				GCC_WARN_ABOUT_RETURN_TYPE = YES_ERROR;
				GCC_WARN_UNDECLARED_SELECTOR = YES;
				GCC_WARN_UNINITIALIZED_AUTOS = YES_AGGRESSIVE;
				GCC_WARN_UNUSED_FUNCTION = YES;
				GCC_WARN_UNUSED_VARIABLE = YES;
				IPHONEOS_DEPLOYMENT_TARGET = 8.1;
				MTL_ENABLE_DEBUG_INFO = NO;
				SDKROOT = iphoneos;
				VALIDATE_PRODUCT = YES;
			};
			name = Release;
		};
		AA82B7951A478CEB0061F457 /* Debug */ = {
			isa = XCBuildConfiguration;
			baseConfigurationReference = B899EA4BA4AFE836B2B66E7D /* Pods.debug.xcconfig */;
			buildSettings = {
				ASSETCATALOG_COMPILER_APPICON_NAME = AppIcon;
				INFOPLIST_FILE = "Hue Pi/Info.plist";
				LD_RUNPATH_SEARCH_PATHS = "$(inherited) @executable_path/Frameworks";
				PRODUCT_NAME = "$(TARGET_NAME)";
			};
			name = Debug;
		};
		AA82B7961A478CEB0061F457 /* Release */ = {
			isa = XCBuildConfiguration;
			baseConfigurationReference = 24457E45201A58777231FBF6 /* Pods.release.xcconfig */;
			buildSettings = {
				ASSETCATALOG_COMPILER_APPICON_NAME = AppIcon;
				INFOPLIST_FILE = "Hue Pi/Info.plist";
				LD_RUNPATH_SEARCH_PATHS = "$(inherited) @executable_path/Frameworks";
				PRODUCT_NAME = "$(TARGET_NAME)";
			};
			name = Release;
		};
		AA82B7981A478CEB0061F457 /* Debug */ = {
			isa = XCBuildConfiguration;
			buildSettings = {
				BUNDLE_LOADER = "$(TEST_HOST)";
				FRAMEWORK_SEARCH_PATHS = (
					"$(SDKROOT)/Developer/Library/Frameworks",
					"$(inherited)",
				);
				GCC_PREPROCESSOR_DEFINITIONS = (
					"DEBUG=1",
					"$(inherited)",
				);
				INFOPLIST_FILE = "Hue PiTests/Info.plist";
				LD_RUNPATH_SEARCH_PATHS = "$(inherited) @executable_path/Frameworks @loader_path/Frameworks";
				PRODUCT_NAME = "$(TARGET_NAME)";
				TEST_HOST = "$(BUILT_PRODUCTS_DIR)/Hue Pi.app/Hue Pi";
			};
			name = Debug;
		};
		AA82B7991A478CEB0061F457 /* Release */ = {
			isa = XCBuildConfiguration;
			buildSettings = {
				BUNDLE_LOADER = "$(TEST_HOST)";
				FRAMEWORK_SEARCH_PATHS = (
					"$(SDKROOT)/Developer/Library/Frameworks",
					"$(inherited)",
				);
				INFOPLIST_FILE = "Hue PiTests/Info.plist";
				LD_RUNPATH_SEARCH_PATHS = "$(inherited) @executable_path/Frameworks @loader_path/Frameworks";
				PRODUCT_NAME = "$(TARGET_NAME)";
				TEST_HOST = "$(BUILT_PRODUCTS_DIR)/Hue Pi.app/Hue Pi";
			};
			name = Release;
		};
/* End XCBuildConfiguration section */

/* Begin XCConfigurationList section */
		AA82B76C1A478CEB0061F457 /* Build configuration list for PBXProject "Hue Pi" */ = {
			isa = XCConfigurationList;
			buildConfigurations = (
				AA82B7921A478CEB0061F457 /* Debug */,
				AA82B7931A478CEB0061F457 /* Release */,
			);
			defaultConfigurationIsVisible = 0;
			defaultConfigurationName = Release;
		};
		AA82B7941A478CEB0061F457 /* Build configuration list for PBXNativeTarget "Hue Pi" */ = {
			isa = XCConfigurationList;
			buildConfigurations = (
				AA82B7951A478CEB0061F457 /* Debug */,
				AA82B7961A478CEB0061F457 /* Release */,
			);
			defaultConfigurationIsVisible = 0;
			defaultConfigurationName = Release;
		};
		AA82B7971A478CEB0061F457 /* Build configuration list for PBXNativeTarget "Hue PiTests" */ = {
			isa = XCConfigurationList;
			buildConfigurations = (
				AA82B7981A478CEB0061F457 /* Debug */,
				AA82B7991A478CEB0061F457 /* Release */,
			);
			defaultConfigurationIsVisible = 0;
			defaultConfigurationName = Release;
		};
/* End XCConfigurationList section */
	};
	rootObject = AA82B7691A478CEB0061F457 /* Project object */;
}
